
Microsoft Visual Studio Solution File, Format Version 12.00
# Visual Studio Version 17
VisualStudioVersion = 17.7.34009.444
MinimumVisualStudioVersion = 10.0.40219.1
Project("{FAE04EC0-301F-11D3-BF4B-00C04F79EFBC}") = "objetos-en-CSharp", "objetos-en-CSharp\objetos-en-CSharp.csproj", "{57BE3E99-8299-44CC-8522-7481ED913DE3}"
EndProject
Global
	GlobalSection(SolutionConfigurationPlatforms) = preSolution
		Debug|Any CPU = Debug|Any CPU
		Release|Any CPU = Release|Any CPU
	EndGlobalSection
	GlobalSection(ProjectConfigurationPlatforms) = postSolution
		{57BE3E99-8299-44CC-8522-7481ED913DE3}.Debug|Any CPU.ActiveCfg = Debug|Any CPU
		{57BE3E99-8299-44CC-8522-7481ED913DE3}.Debug|Any CPU.Build.0 = Debug|Any CPU
		{57BE3E99-8299-44CC-8522-7481ED913DE3}.Release|Any CPU.ActiveCfg = Release|Any CPU
		{57BE3E99-8299-44CC-8522-7481ED913DE3}.Release|Any CPU.Build.0 = Release|Any CPU
	EndGlobalSection
	GlobalSection(SolutionProperties) = preSolution
		HideSolutionNode = FALSE
	EndGlobalSection
	GlobalSection(ExtensibilityGlobals) = postSolution
		SolutionGuid = {DDB832C0-91B1-4098-BF9E-5D9D1472812C}
	EndGlobalSection
EndGlobal
